
Microsoft Visual Studio Solution File, Format Version 12.00
# Visual Studio Version 16
VisualStudioVersion = 16.0.29926.136
MinimumVisualStudioVersion = 10.0.40219.1
Project("{FAE04EC0-301F-11D3-BF4B-00C04F79EFBC}") = "MountainClimber.UI", "MountainClimber.UI\MountainClimber.UI.csproj", "{6EB6AB60-D6A7-4240-B3FA-91A8FB9BEC3B}"
EndProject
Project("{FAE04EC0-301F-11D3-BF4B-00C04F79EFBC}") = "MountainClimber.Data", "MountainClimber.Data\MountainClimber.Data.csproj", "{2B0EF2B5-F4A2-42DD-88CB-4873344759F3}"
EndProject
Project("{FAE04EC0-301F-11D3-BF4B-00C04F79EFBC}") = "MountainClimber.Models", "MountainClimber.Models\MountainClimber.Models.csproj", "{77F4D41D-A7C4-4382-AE93-C0779BFDEAF0}"
EndProject
Project("{FAE04EC0-301F-11D3-BF4B-00C04F79EFBC}") = "MountainClimber.Tests", "MountainClimber.Tests\MountainClimber.Tests.csproj", "{4123C495-EFF1-46FC-93F7-ADC92540951B}"
EndProject
Project("{FAE04EC0-301F-11D3-BF4B-00C04F79EFBC}") = "GameLogic", "GameLogic\GameLogic.csproj", "{146F8211-45DE-4468-8456-EDAA9560859F}"
EndProject
Global
	GlobalSection(SolutionConfigurationPlatforms) = preSolution
		Debug|Any CPU = Debug|Any CPU
		Release|Any CPU = Release|Any CPU
	EndGlobalSection
	GlobalSection(ProjectConfigurationPlatforms) = postSolution
		{6EB6AB60-D6A7-4240-B3FA-91A8FB9BEC3B}.Debug|Any CPU.ActiveCfg = Debug|Any CPU
		{6EB6AB60-D6A7-4240-B3FA-91A8FB9BEC3B}.Debug|Any CPU.Build.0 = Debug|Any CPU
		{6EB6AB60-D6A7-4240-B3FA-91A8FB9BEC3B}.Release|Any CPU.ActiveCfg = Release|Any CPU
		{6EB6AB60-D6A7-4240-B3FA-91A8FB9BEC3B}.Release|Any CPU.Build.0 = Release|Any CPU
		{2B0EF2B5-F4A2-42DD-88CB-4873344759F3}.Debug|Any CPU.ActiveCfg = Debug|Any CPU
		{2B0EF2B5-F4A2-42DD-88CB-4873344759F3}.Debug|Any CPU.Build.0 = Debug|Any CPU
		{2B0EF2B5-F4A2-42DD-88CB-4873344759F3}.Release|Any CPU.ActiveCfg = Release|Any CPU
		{2B0EF2B5-F4A2-42DD-88CB-4873344759F3}.Release|Any CPU.Build.0 = Release|Any CPU
		{77F4D41D-A7C4-4382-AE93-C0779BFDEAF0}.Debug|Any CPU.ActiveCfg = Debug|Any CPU
		{77F4D41D-A7C4-4382-AE93-C0779BFDEAF0}.Debug|Any CPU.Build.0 = Debug|Any CPU
		{77F4D41D-A7C4-4382-AE93-C0779BFDEAF0}.Release|Any CPU.ActiveCfg = Release|Any CPU
		{77F4D41D-A7C4-4382-AE93-C0779BFDEAF0}.Release|Any CPU.Build.0 = Release|Any CPU
		{4123C495-EFF1-46FC-93F7-ADC92540951B}.Debug|Any CPU.ActiveCfg = Debug|Any CPU
		{4123C495-EFF1-46FC-93F7-ADC92540951B}.Debug|Any CPU.Build.0 = Debug|Any CPU
		{4123C495-EFF1-46FC-93F7-ADC92540951B}.Release|Any CPU.ActiveCfg = Release|Any CPU
		{4123C495-EFF1-46FC-93F7-ADC92540951B}.Release|Any CPU.Build.0 = Release|Any CPU
		{146F8211-45DE-4468-8456-EDAA9560859F}.Debug|Any CPU.ActiveCfg = Debug|Any CPU
		{146F8211-45DE-4468-8456-EDAA9560859F}.Debug|Any CPU.Build.0 = Debug|Any CPU
		{146F8211-45DE-4468-8456-EDAA9560859F}.Release|Any CPU.ActiveCfg = Release|Any CPU
		{146F8211-45DE-4468-8456-EDAA9560859F}.Release|Any CPU.Build.0 = Release|Any CPU
	EndGlobalSection
	GlobalSection(SolutionProperties) = preSolution
		HideSolutionNode = FALSE
	EndGlobalSection
	GlobalSection(ExtensibilityGlobals) = postSolution
		SolutionGuid = {5C750AEB-58F6-48E5-BC59-254CBACF9A0C}
	EndGlobalSection
EndGlobal
